
Microsoft Visual Studio Solution File, Format Version 12.00
# Visual Studio Version 16
VisualStudioVersion = 16.0.30621.155
MinimumVisualStudioVersion = 10.0.40219.1
Project("{FAE04EC0-301F-11D3-BF4B-00C04F79EFBC}") = "PriSecFileStorageClient", "PriSecFileStorageClient.csproj", "{1601EDF1-12A6-4371-B1EE-B45BCCE760D1}"
EndProject
Global
	GlobalSection(SolutionConfigurationPlatforms) = preSolution
		Debug|Any CPU = Debug|Any CPU
		Release|Any CPU = Release|Any CPU
	EndGlobalSection
	GlobalSection(ProjectConfigurationPlatforms) = postSolution
		{1601EDF1-12A6-4371-B1EE-B45BCCE760D1}.Debug|Any CPU.ActiveCfg = Debug|Any CPU
		{1601EDF1-12A6-4371-B1EE-B45BCCE760D1}.Debug|Any CPU.Build.0 = Debug|Any CPU
		{1601EDF1-12A6-4371-B1EE-B45BCCE760D1}.Release|Any CPU.ActiveCfg = Release|Any CPU
		{1601EDF1-12A6-4371-B1EE-B45BCCE760D1}.Release|Any CPU.Build.0 = Release|Any CPU
	EndGlobalSection
	GlobalSection(SolutionProperties) = preSolution
		HideSolutionNode = FALSE
	EndGlobalSection
	GlobalSection(ExtensibilityGlobals) = postSolution
		SolutionGuid = {E094C11B-2FB3-49C4-98DD-2D6F0CEFAC79}
	EndGlobalSection
EndGlobal
